
Microsoft Visual Studio Solution File, Format Version 12.00
# Visual Studio 15
VisualStudioVersion = 15.0.28307.136
MinimumVisualStudioVersion = 10.0.40219.1
Project("{FAE04EC0-301F-11D3-BF4B-00C04F79EFBC}") = "CapstoneOne", "CapstoneOne.csproj", "{00B0D474-07A1-4640-B991-D7706473C6D6}"
EndProject
Global
	GlobalSection(SolutionConfigurationPlatforms) = preSolution
		Debug|Any CPU = Debug|Any CPU
		Release|Any CPU = Release|Any CPU
	EndGlobalSection
	GlobalSection(ProjectConfigurationPlatforms) = postSolution
		{00B0D474-07A1-4640-B991-D7706473C6D6}.Debug|Any CPU.ActiveCfg = Debug|Any CPU
		{00B0D474-07A1-4640-B991-D7706473C6D6}.Debug|Any CPU.Build.0 = Debug|Any CPU
		{00B0D474-07A1-4640-B991-D7706473C6D6}.Release|Any CPU.ActiveCfg = Release|Any CPU
		{00B0D474-07A1-4640-B991-D7706473C6D6}.Release|Any CPU.Build.0 = Release|Any CPU
	EndGlobalSection
	GlobalSection(SolutionProperties) = preSolution
		HideSolutionNode = FALSE
	EndGlobalSection
	GlobalSection(ExtensibilityGlobals) = postSolution
		SolutionGuid = {1B9582A4-6842-479E-9045-ED158C35B811}
	EndGlobalSection
EndGlobal
